// !$*UTF8*$!
{
	archiveVersion = 1;
	classes = {
	};
	objectVersion = 46;
	objects = {

/* Begin PBXBuildFile section */
		7C0AE9AB1D7542DB00FEB9A1 /* AppDelegate.swift in Sources */ = {isa = PBXBuildFile; fileRef = 7C0AE9AA1D7542DB00FEB9A1 /* AppDelegate.swift */; };
		7C0AE9AD1D7542DB00FEB9A1 /* MenuViewController.swift in Sources */ = {isa = PBXBuildFile; fileRef = 7C0AE9AC1D7542DB00FEB9A1 /* MenuViewController.swift */; };
		7C0AE9B01D7542DB00FEB9A1 /* Main.storyboard in Resources */ = {isa = PBXBuildFile; fileRef = 7C0AE9AE1D7542DB00FEB9A1 /* Main.storyboard */; };
		7C0AE9B21D7542DB00FEB9A1 /* Assets.xcassets in Resources */ = {isa = PBXBuildFile; fileRef = 7C0AE9B11D7542DB00FEB9A1 /* Assets.xcassets */; };
		C68B056FF0C7566D1A1D2819 /* Pods_MWPhotoBrowser_Example_Swift.framework in Frameworks */ = {isa = PBXBuildFile; fileRef = 9C0D300FC9138ED7173D5E77 /* Pods_MWPhotoBrowser_Example_Swift.framework */; };
/* End PBXBuildFile section */

/* Begin PBXFileReference section */
		45DED942903FB7188CD5DD10 /* Pods-MWPhotoBrowser_Example-Swift.debug.xcconfig */ = {isa = PBXFileReference; includeInIndex = 1; lastKnownFileType = text.xcconfig; name = "Pods-MWPhotoBrowser_Example-Swift.debug.xcconfig"; path = "Pods/Target Support Files/Pods-MWPhotoBrowser_Example-Swift/Pods-MWPhotoBrowser_Example-Swift.debug.xcconfig"; sourceTree = "<group>"; };
		7C0AE9A71D7542DB00FEB9A1 /* MWPhotoBrowser-MWPhotoBrowser.app */ = {isa = PBXFileReference; explicitFileType = wrapper.application; includeInIndex = 0; path = "MWPhotoBrowser-MWPhotoBrowser.app"; sourceTree = BUILT_PRODUCTS_DIR; };
		7C0AE9AA1D7542DB00FEB9A1 /* AppDelegate.swift */ = {isa = PBXFileReference; lastKnownFileType = sourcecode.swift; path = AppDelegate.swift; sourceTree = "<group>"; };
		7C0AE9AC1D7542DB00FEB9A1 /* MenuViewController.swift */ = {isa = PBXFileReference; lastKnownFileType = sourcecode.swift; path = MenuViewController.swift; sourceTree = "<group>"; };
		7C0AE9AF1D7542DB00FEB9A1 /* Base */ = {isa = PBXFileReference; lastKnownFileType = file.storyboard; name = Base; path = Base.lproj/Main.storyboard; sourceTree = "<group>"; };
		7C0AE9B11D7542DB00FEB9A1 /* Assets.xcassets */ = {isa = PBXFileReference; lastKnownFileType = folder.assetcatalog; path = Assets.xcassets; sourceTree = "<group>"; };
		7C0AE9B61D7542DB00FEB9A1 /* Info.plist */ = {isa = PBXFileReference; lastKnownFileType = text.plist.xml; path = Info.plist; sourceTree = "<group>"; };
		9C0D300FC9138ED7173D5E77 /* Pods_MWPhotoBrowser_Example_Swift.framework */ = {isa = PBXFileReference; explicitFileType = wrapper.framework; includeInIndex = 0; path = Pods_MWPhotoBrowser_Example_Swift.framework; sourceTree = BUILT_PRODUCTS_DIR; };
		F73481BF6CCE74D323E95E06 /* Pods-MWPhotoBrowser_Example-Swift.release.xcconfig */ = {isa = PBXFileReference; includeInIndex = 1; lastKnownFileType = text.xcconfig; name = "Pods-MWPhotoBrowser_Example-Swift.release.xcconfig"; path = "Pods/Target Support Files/Pods-MWPhotoBrowser_Example-Swift/Pods-MWPhotoBrowser_Example-Swift.release.xcconfig"; sourceTree = "<group>"; };
/* End PBXFileReference section */

/* Begin PBXFrameworksBuildPhase section */
		7C0AE9A41D7542DB00FEB9A1 /* Frameworks */ = {
			isa = PBXFrameworksBuildPhase;
			buildActionMask = 2147483647;
			files = (
				C68B056FF0C7566D1A1D2819 /* Pods_MWPhotoBrowser_Example_Swift.framework in Frameworks */,
			);
			runOnlyForDeploymentPostprocessing = 0;
		};
/* End PBXFrameworksBuildPhase section */

/* Begin PBXGroup section */
		7C0AE99E1D7542DB00FEB9A1 = {
			isa = PBXGroup;
			children = (
				7C0AE9A91D7542DB00FEB9A1 /* Example-Swift */,
				7C0AE9A81D7542DB00FEB9A1 /* Products */,
				952E5C51D500F5700B75A391 /* Pods */,
				E27CC9C392D5133462A61861 /* Frameworks */,
			);
			sourceTree = "<group>";
		};
		7C0AE9A81D7542DB00FEB9A1 /* Products */ = {
			isa = PBXGroup;
			children = (
				7C0AE9A71D7542DB00FEB9A1 /* MWPhotoBrowser-MWPhotoBrowser.app */,
			);
			name = Products;
			sourceTree = "<group>";
		};
		7C0AE9A91D7542DB00FEB9A1 /* Example-Swift */ = {
			isa = PBXGroup;
			children = (
				7C0AE9AA1D7542DB00FEB9A1 /* AppDelegate.swift */,
				7C0AE9AC1D7542DB00FEB9A1 /* MenuViewController.swift */,
				7C0AE9AE1D7542DB00FEB9A1 /* Main.storyboard */,
				7C0AE9B11D7542DB00FEB9A1 /* Assets.xcassets */,
				7C0AE9B61D7542DB00FEB9A1 /* Info.plist */,
			);
			name = "Example-Swift";
			path = "MWPhotoBrowser-Example-Swift";
			sourceTree = "<group>";
		};
		952E5C51D500F5700B75A391 /* Pods */ = {
			isa = PBXGroup;
			children = (
				45DED942903FB7188CD5DD10 /* Pods-MWPhotoBrowser_Example-Swift.debug.xcconfig */,
				F73481BF6CCE74D323E95E06 /* Pods-MWPhotoBrowser_Example-Swift.release.xcconfig */,
			);
			name = Pods;
			sourceTree = "<group>";
		};
		E27CC9C392D5133462A61861 /* Frameworks */ = {
			isa = PBXGroup;
			children = (
				9C0D300FC9138ED7173D5E77 /* Pods_MWPhotoBrowser_Example_Swift.framework */,
			);
			name = Frameworks;
			sourceTree = "<group>";
		};
/* End PBXGroup section */

/* Begin PBXNativeTarget section */
		7C0AE9A61D7542DB00FEB9A1 /* MWPhotoBrowser_Example-Swift */ = {
			isa = PBXNativeTarget;
			buildConfigurationList = 7C0AE9B91D7542DB00FEB9A1 /* Build configuration list for PBXNativeTarget "MWPhotoBrowser_Example-Swift" */;
			buildPhases = (
				16349D0F85ABDE847F8D0805 /* 📦 Check Pods Manifest.lock */,
				7C0AE9A31D7542DB00FEB9A1 /* Sources */,
				7C0AE9A41D7542DB00FEB9A1 /* Frameworks */,
				7C0AE9A51D7542DB00FEB9A1 /* Resources */,
				C25E88F3C436103510B3C037 /* 📦 Embed Pods Frameworks */,
				2CF4817CE89E49DCA8D39E5D /* 📦 Copy Pods Resources */,
			);
			buildRules = (
			);
			dependencies = (
			);
			name = "MWPhotoBrowser_Example-Swift";
			productName = "MWPhotoBrowser-Example-Swift";
			productReference = 7C0AE9A71D7542DB00FEB9A1 /* MWPhotoBrowser-MWPhotoBrowser.app */;
			productType = "com.apple.product-type.application";
		};
/* End PBXNativeTarget section */

/* Begin PBXProject section */
		7C0AE99F1D7542DB00FEB9A1 /* Project object */ = {
			isa = PBXProject;
			attributes = {
				LastSwiftUpdateCheck = 0730;
				LastUpgradeCheck = 0730;
				TargetAttributes = {
					7C0AE9A61D7542DB00FEB9A1 = {
						CreatedOnToolsVersion = 7.3.1;
					};
				};
			};
			buildConfigurationList = 7C0AE9A21D7542DB00FEB9A1 /* Build configuration list for PBXProject "MWPhotoBrowser" */;
			compatibilityVersion = "Xcode 3.2";
			developmentRegion = English;
			hasScannedForEncodings = 0;
			knownRegions = (
				en,
				Base,
			);
			mainGroup = 7C0AE99E1D7542DB00FEB9A1;
			productRefGroup = 7C0AE9A81D7542DB00FEB9A1 /* Products */;
			projectDirPath = "";
			projectRoot = "";
			targets = (
				7C0AE9A61D7542DB00FEB9A1 /* MWPhotoBrowser_Example-Swift */,
			);
		};
/* End PBXProject section */

/* Begin PBXResourcesBuildPhase section */
		7C0AE9A51D7542DB00FEB9A1 /* Resources */ = {
			isa = PBXResourcesBuildPhase;
			buildActionMask = 2147483647;
			files = (
				7C0AE9B21D7542DB00FEB9A1 /* Assets.xcassets in Resources */,
				7C0AE9B01D7542DB00FEB9A1 /* Main.storyboard in Resources */,
			);
			runOnlyForDeploymentPostprocessing = 0;
		};
/* End PBXResourcesBuildPhase section */

/* Begin PBXShellScriptBuildPhase section */
		16349D0F85ABDE847F8D0805 /* 📦 Check Pods Manifest.lock */ = {
			isa = PBXShellScriptBuildPhase;
			buildActionMask = 2147483647;
			files = (
			);
			inputPaths = (
			);
			name = "📦 Check Pods Manifest.lock";
			outputPaths = (
			);
			runOnlyForDeploymentPostprocessing = 0;
			shellPath = /bin/sh;
			shellScript = "diff \"${PODS_ROOT}/../Podfile.lock\" \"${PODS_ROOT}/Manifest.lock\" > /dev/null\nif [[ $? != 0 ]] ; then\n    cat << EOM\nerror: The sandbox is not in sync with the Podfile.lock. Run 'pod install' or update your CocoaPods installation.\nEOM\n    exit 1\nfi\n";
			showEnvVarsInLog = 0;
		};
		2CF4817CE89E49DCA8D39E5D /* 📦 Copy Pods Resources */ = {
			isa = PBXShellScriptBuildPhase;
			buildActionMask = 2147483647;
			files = (
			);
			inputPaths = (
			);
			name = "📦 Copy Pods Resources";
			outputPaths = (
			);
			runOnlyForDeploymentPostprocessing = 0;
			shellPath = /bin/sh;
			shellScript = "\"${SRCROOT}/Pods/Target Support Files/Pods-MWPhotoBrowser_Example-Swift/Pods-MWPhotoBrowser_Example-Swift-resources.sh\"\n";
			showEnvVarsInLog = 0;
		};
		C25E88F3C436103510B3C037 /* 📦 Embed Pods Frameworks */ = {
			isa = PBXShellScriptBuildPhase;
			buildActionMask = 2147483647;
			files = (
			);
			inputPaths = (
			);
			name = "📦 Embed Pods Frameworks";
			outputPaths = (
			);
			runOnlyForDeploymentPostprocessing = 0;
			shellPath = /bin/sh;
			shellScript = "\"${SRCROOT}/Pods/Target Support Files/Pods-MWPhotoBrowser_Example-Swift/Pods-MWPhotoBrowser_Example-Swift-frameworks.sh\"\n";
			showEnvVarsInLog = 0;
		};
/* End PBXShellScriptBuildPhase section */

/* Begin PBXSourcesBuildPhase section */
		7C0AE9A31D7542DB00FEB9A1 /* Sources */ = {
			isa = PBXSourcesBuildPhase;
			buildActionMask = 2147483647;
			files = (
				7C0AE9AD1D7542DB00FEB9A1 /* MenuViewController.swift in Sources */,
				7C0AE9AB1D7542DB00FEB9A1 /* AppDelegate.swift in Sources */,
			);
			runOnlyForDeploymentPostprocessing = 0;
		};
/* End PBXSourcesBuildPhase section */

/* Begin PBXVariantGroup section */
		7C0AE9AE1D7542DB00FEB9A1 /* Main.storyboard */ = {
			isa = PBXVariantGroup;
			children = (
				7C0AE9AF1D7542DB00FEB9A1 /* Base */,
			);
			name = Main.storyboard;
			sourceTree = "<group>";
		};
/* End PBXVariantGroup section */

/* Begin XCBuildConfiguration section */
		7C0AE9B71D7542DB00FEB9A1 /* Debug */ = {
			isa = XCBuildConfiguration;
			buildSettings = {
				ALWAYS_SEARCH_USER_PATHS = NO;
				CLANG_ANALYZER_NONNULL = YES;
				CLANG_CXX_LANGUAGE_STANDARD = "gnu++0x";
				CLANG_CXX_LIBRARY = "libc++";
				CLANG_ENABLE_MODULES = YES;
				CLANG_ENABLE_OBJC_ARC = YES;
				CLANG_WARN_BOOL_CONVERSION = YES;
				CLANG_WARN_CONSTANT_CONVERSION = YES;
				CLANG_WARN_DIRECT_OBJC_ISA_USAGE = YES_ERROR;
				CLANG_WARN_EMPTY_BODY = YES;
				CLANG_WARN_ENUM_CONVERSION = YES;
				CLANG_WARN_INT_CONVERSION = YES;
				CLANG_WARN_OBJC_ROOT_CLASS = YES_ERROR;
				CLANG_WARN_UNREACHABLE_CODE = YES;
				CLANG_WARN__DUPLICATE_METHOD_MATCH = YES;
				"CODE_SIGN_IDENTITY[sdk=iphoneos*]" = "iPhone Developer";
				COPY_PHASE_STRIP = NO;
				DEBUG_INFORMATION_FORMAT = dwarf;
				ENABLE_STRICT_OBJC_MSGSEND = YES;
				ENABLE_TESTABILITY = YES;
				GCC_C_LANGUAGE_STANDARD = gnu99;
				GCC_DYNAMIC_NO_PIC = NO;
				GCC_NO_COMMON_BLOCKS = YES;
				GCC_OPTIMIZATION_LEVEL = 0;
				GCC_PREPROCESSOR_DEFINITIONS = (
					"DEBUG=1",
					"$(inherited)",
				);
				GCC_WARN_64_TO_32_BIT_CONVERSION = YES;
				GCC_WARN_ABOUT_RETURN_TYPE = YES_ERROR;
				GCC_WARN_UNDECLARED_SELECTOR = YES;
				GCC_WARN_UNINITIALIZED_AUTOS = YES_AGGRESSIVE;
				GCC_WARN_UNUSED_FUNCTION = YES;
				GCC_WARN_UNUSED_VARIABLE = YES;
				IPHONEOS_DEPLOYMENT_TARGET = 9.3;
				MTL_ENABLE_DEBUG_INFO = YES;
				ONLY_ACTIVE_ARCH = YES;
				SDKROOT = iphoneos;
				SWIFT_OPTIMIZATION_LEVEL = "-Onone";
				TARGETED_DEVICE_FAMILY = "1,2";
			};
			name = Debug;
		};
		7C0AE9B81D7542DB00FEB9A1 /* Release */ = {
			isa = XCBuildConfiguration;
			buildSettings = {
				ALWAYS_SEARCH_USER_PATHS = NO;
				CLANG_ANALYZER_NONNULL = YES;
				CLANG_CXX_LANGUAGE_STANDARD = "gnu++0x";
				CLANG_CXX_LIBRARY = "libc++";
				CLANG_ENABLE_MODULES = YES;
				CLANG_ENABLE_OBJC_ARC = YES;
				CLANG_WARN_BOOL_CONVERSION = YES;
				CLANG_WARN_CONSTANT_CONVERSION = YES;
				CLANG_WARN_DIRECT_OBJC_ISA_USAGE = YES_ERROR;
				CLANG_WARN_EMPTY_BODY = YES;
				CLANG_WARN_ENUM_CONVERSION = YES;
				CLANG_WARN_INT_CONVERSION = YES;
				CLANG_WARN_OBJC_ROOT_CLASS = YES_ERROR;
				CLANG_WARN_UNREACHABLE_CODE = YES;
				CLANG_WARN__DUPLICATE_METHOD_MATCH = YES;
				"CODE_SIGN_IDENTITY[sdk=iphoneos*]" = "iPhone Developer";
				COPY_PHASE_STRIP = NO;
				DEBUG_INFORMATION_FORMAT = "dwarf-with-dsym";
				ENABLE_NS_ASSERTIONS = NO;
				ENABLE_STRICT_OBJC_MSGSEND = YES;
				GCC_C_LANGUAGE_STANDARD = gnu99;
				GCC_NO_COMMON_BLOCKS = YES;
				GCC_WARN_64_TO_32_BIT_CONVERSION = YES;
				GCC_WARN_ABOUT_RETURN_TYPE = YES_ERROR;
				GCC_WARN_UNDECLARED_SELECTOR = YES;
				GCC_WARN_UNINITIALIZED_AUTOS = YES_AGGRESSIVE;
				GCC_WARN_UNUSED_FUNCTION = YES;
				GCC_WARN_UNUSED_VARIABLE = YES;
				IPHONEOS_DEPLOYMENT_TARGET = 9.3;
				MTL_ENABLE_DEBUG_INFO = NO;
				SDKROOT = iphoneos;
				TARGETED_DEVICE_FAMILY = "1,2";
				VALIDATE_PRODUCT = YES;
			};
			name = Release;
		};
		7C0AE9BA1D7542DB00FEB9A1 /* Debug */ = {
			isa = XCBuildConfiguration;
			baseConfigurationReference = 45DED942903FB7188CD5DD10 /* Pods-MWPhotoBrowser_Example-Swift.debug.xcconfig */;
			buildSettings = {
				ASSETCATALOG_COMPILER_APPICON_NAME = AppIcon;
				INFOPLIST_FILE = "MWPhotoBrowser-Example-Swift/Info.plist";
				IPHONEOS_DEPLOYMENT_TARGET = 8.0;
				LD_RUNPATH_SEARCH_PATHS = "$(inherited) @executable_path/Frameworks";
				PRODUCT_BUNDLE_IDENTIFIER = "org.cocoapods.demo.MWPhotoBrowser-Example-Swift";
				PRODUCT_NAME = "MWPhotoBrowser-MWPhotoBrowser";
			};
			name = Debug;
		};
		7C0AE9BB1D7542DB00FEB9A1 /* Release */ = {
			isa = XCBuildConfiguration;
			baseConfigurationReference = F73481BF6CCE74D323E95E06 /* Pods-MWPhotoBrowser_Example-Swift.release.xcconfig */;
			buildSettings = {
				ASSETCATALOG_COMPILER_APPICON_NAME = AppIcon;
				INFOPLIST_FILE = "MWPhotoBrowser-Example-Swift/Info.plist";
				IPHONEOS_DEPLOYMENT_TARGET = 8.0;
				LD_RUNPATH_SEARCH_PATHS = "$(inherited) @executable_path/Frameworks";
				PRODUCT_BUNDLE_IDENTIFIER = "org.cocoapods.demo.MWPhotoBrowser-Example-Swift";
				PRODUCT_NAME = "MWPhotoBrowser-MWPhotoBrowser";
			};
			name = Release;
		};
/* End XCBuildConfiguration section */

/* Begin XCConfigurationList section */
		7C0AE9A21D7542DB00FEB9A1 /* Build configuration list for PBXProject "MWPhotoBrowser" */ = {
			isa = XCConfigurationList;
			buildConfigurations = (
				7C0AE9B71D7542DB00FEB9A1 /* Debug */,
				7C0AE9B81D7542DB00FEB9A1 /* Release */,
			);
			defaultConfigurationIsVisible = 0;
			defaultConfigurationName = Release;
		};
		7C0AE9B91D7542DB00FEB9A1 /* Build configuration list for PBXNativeTarget "MWPhotoBrowser_Example-Swift" */ = {
			isa = XCConfigurationList;
			buildConfigurations = (
				7C0AE9BA1D7542DB00FEB9A1 /* Debug */,
				7C0AE9BB1D7542DB00FEB9A1 /* Release */,
			);
			defaultConfigurationIsVisible = 0;
			defaultConfigurationName = Release;
		};
/* End XCConfigurationList section */
	};
	rootObject = 7C0AE99F1D7542DB00FEB9A1 /* Project object */;
}
